
Microsoft Visual Studio Solution File, Format Version 12.00
# Visual Studio Version 17
VisualStudioVersion = 17.3.32721.290
MinimumVisualStudioVersion = 10.0.40219.1
Project("{FAE04EC0-301F-11D3-BF4B-00C04F79EFBC}") = "CommunityToolKitDemo", "CommunityToolKitDemo\CommunityToolKitDemo.csproj", "{4CB59E19-45BF-49F5-B3DC-D6C54A1107F6}"
EndProject
Global
	GlobalSection(SolutionConfigurationPlatforms) = preSolution
		Debug|Any CPU = Debug|Any CPU
		Release|Any CPU = Release|Any CPU
	EndGlobalSection
	GlobalSection(ProjectConfigurationPlatforms) = postSolution
		{4CB59E19-45BF-49F5-B3DC-D6C54A1107F6}.Debug|Any CPU.ActiveCfg = Debug|Any CPU
		{4CB59E19-45BF-49F5-B3DC-D6C54A1107F6}.Debug|Any CPU.Build.0 = Debug|Any CPU
		{4CB59E19-45BF-49F5-B3DC-D6C54A1107F6}.Release|Any CPU.ActiveCfg = Release|Any CPU
		{4CB59E19-45BF-49F5-B3DC-D6C54A1107F6}.Release|Any CPU.Build.0 = Release|Any CPU
	EndGlobalSection
	GlobalSection(SolutionProperties) = preSolution
		HideSolutionNode = FALSE
	EndGlobalSection
	GlobalSection(ExtensibilityGlobals) = postSolution
		SolutionGuid = {58131F52-0490-419E-BC87-63F2E199B505}
	EndGlobalSection
EndGlobal
